{
    "_meta": {
        "hash": {
            "sha256": "340c2972fc125a5eacb8f156cdcc94f8d0f47a01999ddfdb73d8c14d3b32bb64"
        },
        "pipfile-spec": 6,
        "requires": {
            "python_version": "3.7"
        },
        "sources": [
            {
                "name": "pypi",
                "url": "https://pypi.org/simple",
                "verify_ssl": true
            }
        ]
    },
    "default": {
        "speedtest-cli": {
            "hashes": [
                "sha256:2335306da12014c2da750db3befa3ddf424a303ddbaa399fbfb6a1bf870a5532",
                "sha256:cf1d386222f94c324e3125ba9a0d187e46d4a13dca08c023bdb9a23096be2e54"
            ],
            "index": "pypi",
            "version": "==2.1.2"
        }
    },
    "develop": {}
}
